// !$*UTF8*$!
{
	archiveVersion = 1;
	classes = {
	};
	objectVersion = 46;
	objects = {

/* Begin PBXBuildFile section */
		780A3D121E6AEFE500A1445B /* main.cpp in Sources */ = {isa = PBXBuildFile; fileRef = 780A3D111E6AEFE500A1445B /* main.cpp */; };
		780A3D1B1E6AF0DA00A1445B /* copy_roi.cpp in Sources */ = {isa = PBXBuildFile; fileRef = 780A3D1A1E6AF0DA00A1445B /* copy_roi.cpp */; };
/* End PBXBuildFile section */

/* Begin PBXCopyFilesBuildPhase section */
		780A3D0C1E6AEFE500A1445B /* CopyFiles */ = {
			isa = PBXCopyFilesBuildPhase;
			buildActionMask = 2147483647;
			dstPath = /usr/share/man/man1/;
			dstSubfolderSpec = 0;
			files = (
			);
			runOnlyForDeploymentPostprocessing = 1;
		};
/* End PBXCopyFilesBuildPhase section */

/* Begin PBXFileReference section */
		780A3D0E1E6AEFE500A1445B /* copy_roi_test */ = {isa = PBXFileReference; explicitFileType = "compiled.mach-o.executable"; includeInIndex = 0; path = copy_roi_test; sourceTree = BUILT_PRODUCTS_DIR; };
		780A3D111E6AEFE500A1445B /* main.cpp */ = {isa = PBXFileReference; lastKnownFileType = sourcecode.cpp.cpp; path = main.cpp; sourceTree = "<group>"; };
		780A3D181E6AF07E00A1445B /* copy_roi.h */ = {isa = PBXFileReference; lastKnownFileType = sourcecode.c.h; path = copy_roi.h; sourceTree = "<group>"; };
		780A3D191E6AF0A100A1445B /* compress.h */ = {isa = PBXFileReference; lastKnownFileType = sourcecode.c.h; path = compress.h; sourceTree = "<group>"; };
		780A3D1A1E6AF0DA00A1445B /* copy_roi.cpp */ = {isa = PBXFileReference; fileEncoding = 4; lastKnownFileType = sourcecode.cpp.cpp; path = copy_roi.cpp; sourceTree = "<group>"; };
		780A3D1C1E6AF11500A1445B /* v3.h */ = {isa = PBXFileReference; lastKnownFileType = sourcecode.c.h; path = v3.h; sourceTree = "<group>"; };
/* End PBXFileReference section */

/* Begin PBXFrameworksBuildPhase section */
		780A3D0B1E6AEFE500A1445B /* Frameworks */ = {
			isa = PBXFrameworksBuildPhase;
			buildActionMask = 2147483647;
			files = (
			);
			runOnlyForDeploymentPostprocessing = 0;
		};
/* End PBXFrameworksBuildPhase section */

/* Begin PBXGroup section */
		780A3D051E6AEFE500A1445B = {
			isa = PBXGroup;
			children = (
				780A3D101E6AEFE500A1445B /* copy_roi_test */,
				780A3D0F1E6AEFE500A1445B /* Products */,
			);
			sourceTree = "<group>";
		};
		780A3D0F1E6AEFE500A1445B /* Products */ = {
			isa = PBXGroup;
			children = (
				780A3D0E1E6AEFE500A1445B /* copy_roi_test */,
			);
			name = Products;
			sourceTree = "<group>";
		};
		780A3D101E6AEFE500A1445B /* copy_roi_test */ = {
			isa = PBXGroup;
			children = (
				780A3D111E6AEFE500A1445B /* main.cpp */,
				780A3D181E6AF07E00A1445B /* copy_roi.h */,
				780A3D191E6AF0A100A1445B /* compress.h */,
				780A3D1A1E6AF0DA00A1445B /* copy_roi.cpp */,
				780A3D1C1E6AF11500A1445B /* v3.h */,
			);
			path = copy_roi_test;
			sourceTree = "<group>";
		};
/* End PBXGroup section */

/* Begin PBXNativeTarget section */
		780A3D0D1E6AEFE500A1445B /* copy_roi_test */ = {
			isa = PBXNativeTarget;
			buildConfigurationList = 780A3D151E6AEFE500A1445B /* Build configuration list for PBXNativeTarget "copy_roi_test" */;
			buildPhases = (
				780A3D0A1E6AEFE500A1445B /* Sources */,
				780A3D0B1E6AEFE500A1445B /* Frameworks */,
				780A3D0C1E6AEFE500A1445B /* CopyFiles */,
			);
			buildRules = (
			);
			dependencies = (
			);
			name = copy_roi_test;
			productName = copy_roi_test;
			productReference = 780A3D0E1E6AEFE500A1445B /* copy_roi_test */;
			productType = "com.apple.product-type.tool";
		};
/* End PBXNativeTarget section */

/* Begin PBXProject section */
		780A3D061E6AEFE500A1445B /* Project object */ = {
			isa = PBXProject;
			attributes = {
				LastUpgradeCheck = 0820;
				ORGANIZATIONNAME = "Igor Beati";
				TargetAttributes = {
					780A3D0D1E6AEFE500A1445B = {
						CreatedOnToolsVersion = 8.2.1;
						ProvisioningStyle = Automatic;
					};
				};
			};
			buildConfigurationList = 780A3D091E6AEFE500A1445B /* Build configuration list for PBXProject "copy_roi_test" */;
			compatibilityVersion = "Xcode 3.2";
			developmentRegion = English;
			hasScannedForEncodings = 0;
			knownRegions = (
				en,
			);
			mainGroup = 780A3D051E6AEFE500A1445B;
			productRefGroup = 780A3D0F1E6AEFE500A1445B /* Products */;
			projectDirPath = "";
			projectRoot = "";
			targets = (
				780A3D0D1E6AEFE500A1445B /* copy_roi_test */,
			);
		};
/* End PBXProject section */

/* Begin PBXSourcesBuildPhase section */
		780A3D0A1E6AEFE500A1445B /* Sources */ = {
			isa = PBXSourcesBuildPhase;
			buildActionMask = 2147483647;
			files = (
				780A3D121E6AEFE500A1445B /* main.cpp in Sources */,
				780A3D1B1E6AF0DA00A1445B /* copy_roi.cpp in Sources */,
			);
			runOnlyForDeploymentPostprocessing = 0;
		};
/* End PBXSourcesBuildPhase section */

/* Begin XCBuildConfiguration section */
		780A3D131E6AEFE500A1445B /* Debug */ = {
			isa = XCBuildConfiguration;
			buildSettings = {
				ALWAYS_SEARCH_USER_PATHS = NO;
				CLANG_ANALYZER_NONNULL = YES;
				CLANG_CXX_LANGUAGE_STANDARD = "gnu++0x";
				CLANG_CXX_LIBRARY = "libc++";
				CLANG_ENABLE_MODULES = YES;
				CLANG_ENABLE_OBJC_ARC = YES;
				CLANG_WARN_BOOL_CONVERSION = YES;
				CLANG_WARN_CONSTANT_CONVERSION = YES;
				CLANG_WARN_DIRECT_OBJC_ISA_USAGE = YES_ERROR;
				CLANG_WARN_DOCUMENTATION_COMMENTS = YES;
				CLANG_WARN_EMPTY_BODY = YES;
				CLANG_WARN_ENUM_CONVERSION = YES;
				CLANG_WARN_INFINITE_RECURSION = YES;
				CLANG_WARN_INT_CONVERSION = YES;
				CLANG_WARN_OBJC_ROOT_CLASS = YES_ERROR;
				CLANG_WARN_SUSPICIOUS_MOVE = YES;
				CLANG_WARN_UNREACHABLE_CODE = YES;
				CLANG_WARN__DUPLICATE_METHOD_MATCH = YES;
				CODE_SIGN_IDENTITY = "-";
				COPY_PHASE_STRIP = NO;
				DEBUG_INFORMATION_FORMAT = dwarf;
				ENABLE_STRICT_OBJC_MSGSEND = YES;
				ENABLE_TESTABILITY = YES;
				GCC_C_LANGUAGE_STANDARD = gnu99;
				GCC_DYNAMIC_NO_PIC = NO;
				GCC_NO_COMMON_BLOCKS = YES;
				GCC_OPTIMIZATION_LEVEL = 0;
				GCC_PREPROCESSOR_DEFINITIONS = (
					"DEBUG=1",
					"$(inherited)",
				);
				GCC_WARN_64_TO_32_BIT_CONVERSION = YES;
				GCC_WARN_ABOUT_RETURN_TYPE = YES_ERROR;
				GCC_WARN_UNDECLARED_SELECTOR = YES;
				GCC_WARN_UNINITIALIZED_AUTOS = YES_AGGRESSIVE;
				GCC_WARN_UNUSED_FUNCTION = YES;
				GCC_WARN_UNUSED_VARIABLE = YES;
				MACOSX_DEPLOYMENT_TARGET = 10.12;
				MTL_ENABLE_DEBUG_INFO = YES;
				ONLY_ACTIVE_ARCH = YES;
				SDKROOT = macosx;
			};
			name = Debug;
		};
		780A3D141E6AEFE500A1445B /* Release */ = {
			isa = XCBuildConfiguration;
			buildSettings = {
				ALWAYS_SEARCH_USER_PATHS = NO;
				CLANG_ANALYZER_NONNULL = YES;
				CLANG_CXX_LANGUAGE_STANDARD = "gnu++0x";
				CLANG_CXX_LIBRARY = "libc++";
				CLANG_ENABLE_MODULES = YES;
				CLANG_ENABLE_OBJC_ARC = YES;
				CLANG_WARN_BOOL_CONVERSION = YES;
				CLANG_WARN_CONSTANT_CONVERSION = YES;
				CLANG_WARN_DIRECT_OBJC_ISA_USAGE = YES_ERROR;
				CLANG_WARN_DOCUMENTATION_COMMENTS = YES;
				CLANG_WARN_EMPTY_BODY = YES;
				CLANG_WARN_ENUM_CONVERSION = YES;
				CLANG_WARN_INFINITE_RECURSION = YES;
				CLANG_WARN_INT_CONVERSION = YES;
				CLANG_WARN_OBJC_ROOT_CLASS = YES_ERROR;
				CLANG_WARN_SUSPICIOUS_MOVE = YES;
				CLANG_WARN_UNREACHABLE_CODE = YES;
				CLANG_WARN__DUPLICATE_METHOD_MATCH = YES;
				CODE_SIGN_IDENTITY = "-";
				COPY_PHASE_STRIP = NO;
				DEBUG_INFORMATION_FORMAT = "dwarf-with-dsym";
				ENABLE_NS_ASSERTIONS = NO;
				ENABLE_STRICT_OBJC_MSGSEND = YES;
				GCC_C_LANGUAGE_STANDARD = gnu99;
				GCC_NO_COMMON_BLOCKS = YES;
				GCC_WARN_64_TO_32_BIT_CONVERSION = YES;
				GCC_WARN_ABOUT_RETURN_TYPE = YES_ERROR;
				GCC_WARN_UNDECLARED_SELECTOR = YES;
				GCC_WARN_UNINITIALIZED_AUTOS = YES_AGGRESSIVE;
				GCC_WARN_UNUSED_FUNCTION = YES;
				GCC_WARN_UNUSED_VARIABLE = YES;
				MACOSX_DEPLOYMENT_TARGET = 10.12;
				MTL_ENABLE_DEBUG_INFO = NO;
				SDKROOT = macosx;
			};
			name = Release;
		};
		780A3D161E6AEFE500A1445B /* Debug */ = {
			isa = XCBuildConfiguration;
			buildSettings = {
				PRODUCT_NAME = "$(TARGET_NAME)";
			};
			name = Debug;
		};
		780A3D171E6AEFE500A1445B /* Release */ = {
			isa = XCBuildConfiguration;
			buildSettings = {
				PRODUCT_NAME = "$(TARGET_NAME)";
			};
			name = Release;
		};
/* End XCBuildConfiguration section */

/* Begin XCConfigurationList section */
		780A3D091E6AEFE500A1445B /* Build configuration list for PBXProject "copy_roi_test" */ = {
			isa = XCConfigurationList;
			buildConfigurations = (
				780A3D131E6AEFE500A1445B /* Debug */,
				780A3D141E6AEFE500A1445B /* Release */,
			);
			defaultConfigurationIsVisible = 0;
			defaultConfigurationName = Release;
		};
		780A3D151E6AEFE500A1445B /* Build configuration list for PBXNativeTarget "copy_roi_test" */ = {
			isa = XCConfigurationList;
			buildConfigurations = (
				780A3D161E6AEFE500A1445B /* Debug */,
				780A3D171E6AEFE500A1445B /* Release */,
			);
			defaultConfigurationIsVisible = 0;
		};
/* End XCConfigurationList section */
	};
	rootObject = 780A3D061E6AEFE500A1445B /* Project object */;
}
